
Microsoft Visual Studio Solution File, Format Version 12.00
# Visual Studio Version 16
VisualStudioVersion = 16.0.28729.10
MinimumVisualStudioVersion = 10.0.40219.1
Project("{FAE04EC0-301F-11D3-BF4B-00C04F79EFBC}") = "SpamV2", "SpamV2\SpamV2.csproj", "{ADE51DB7-766D-40DB-971D-77864DE6DCCF}"
EndProject
Global
	GlobalSection(SolutionConfigurationPlatforms) = preSolution
		Debug|Any CPU = Debug|Any CPU
		Release|Any CPU = Release|Any CPU
	EndGlobalSection
	GlobalSection(ProjectConfigurationPlatforms) = postSolution
		{ADE51DB7-766D-40DB-971D-77864DE6DCCF}.Debug|Any CPU.ActiveCfg = Debug|Any CPU
		{ADE51DB7-766D-40DB-971D-77864DE6DCCF}.Debug|Any CPU.Build.0 = Debug|Any CPU
		{ADE51DB7-766D-40DB-971D-77864DE6DCCF}.Release|Any CPU.ActiveCfg = Release|Any CPU
		{ADE51DB7-766D-40DB-971D-77864DE6DCCF}.Release|Any CPU.Build.0 = Release|Any CPU
	EndGlobalSection
	GlobalSection(SolutionProperties) = preSolution
		HideSolutionNode = FALSE
	EndGlobalSection
	GlobalSection(ExtensibilityGlobals) = postSolution
		SolutionGuid = {6EC9DF1F-906B-42D6-B775-FD48ACAEF72C}
	EndGlobalSection
EndGlobal
